
Microsoft Visual Studio Solution File, Format Version 12.00
# Visual Studio Version 16
VisualStudioVersion = 16.0.31727.386
MinimumVisualStudioVersion = 10.0.40219.1
Project("{FAE04EC0-301F-11D3-BF4B-00C04F79EFBC}") = "AdventOfCode", "AdventOfCode\AdventOfCode.csproj", "{3EAED264-9557-4E7D-8180-77EEC11F015E}"
EndProject
Global
	GlobalSection(SolutionConfigurationPlatforms) = preSolution
		Debug|Any CPU = Debug|Any CPU
		Release|Any CPU = Release|Any CPU
	EndGlobalSection
	GlobalSection(ProjectConfigurationPlatforms) = postSolution
		{3EAED264-9557-4E7D-8180-77EEC11F015E}.Debug|Any CPU.ActiveCfg = Debug|Any CPU
		{3EAED264-9557-4E7D-8180-77EEC11F015E}.Debug|Any CPU.Build.0 = Debug|Any CPU
		{3EAED264-9557-4E7D-8180-77EEC11F015E}.Release|Any CPU.ActiveCfg = Release|Any CPU
		{3EAED264-9557-4E7D-8180-77EEC11F015E}.Release|Any CPU.Build.0 = Release|Any CPU
	EndGlobalSection
	GlobalSection(SolutionProperties) = preSolution
		HideSolutionNode = FALSE
	EndGlobalSection
	GlobalSection(ExtensibilityGlobals) = postSolution
		SolutionGuid = {130C6EF2-61E9-42E9-8907-9922D8A95D0E}
	EndGlobalSection
EndGlobal
